
Microsoft Visual Studio Solution File, Format Version 12.00
# Visual Studio Version 17
VisualStudioVersion = 17.3.32819.101
MinimumVisualStudioVersion = 10.0.40219.1
Project("{FAE04EC0-301F-11D3-BF4B-00C04F79EFBC}") = "AUGUST2022", "AUGUST2022.csproj", "{DC030B0D-568E-40F3-832A-3120A7DDCF3B}"
EndProject
Global
	GlobalSection(SolutionConfigurationPlatforms) = preSolution
		Debug|Any CPU = Debug|Any CPU
		Release|Any CPU = Release|Any CPU
	EndGlobalSection
	GlobalSection(ProjectConfigurationPlatforms) = postSolution
		{DC030B0D-568E-40F3-832A-3120A7DDCF3B}.Debug|Any CPU.ActiveCfg = Debug|Any CPU
		{DC030B0D-568E-40F3-832A-3120A7DDCF3B}.Debug|Any CPU.Build.0 = Debug|Any CPU
		{DC030B0D-568E-40F3-832A-3120A7DDCF3B}.Release|Any CPU.ActiveCfg = Release|Any CPU
		{DC030B0D-568E-40F3-832A-3120A7DDCF3B}.Release|Any CPU.Build.0 = Release|Any CPU
	EndGlobalSection
	GlobalSection(SolutionProperties) = preSolution
		HideSolutionNode = FALSE
	EndGlobalSection
	GlobalSection(ExtensibilityGlobals) = postSolution
		SolutionGuid = {0D9C202E-459D-4FAE-AB3D-377546DFA8BC}
	EndGlobalSection
EndGlobal
