
Microsoft Visual Studio Solution File, Format Version 12.00
# Visual Studio Version 17
VisualStudioVersion = 17.3.32819.101
MinimumVisualStudioVersion = 10.0.40219.1
Project("{FAE04EC0-301F-11D3-BF4B-00C04F79EFBC}") = "testingproject1", "testingproject1\testingproject1.csproj", "{10D83056-9315-44B2-A56B-8CC471BDC56E}"
EndProject
Global
	GlobalSection(SolutionConfigurationPlatforms) = preSolution
		Debug|Any CPU = Debug|Any CPU
		Release|Any CPU = Release|Any CPU
	EndGlobalSection
	GlobalSection(ProjectConfigurationPlatforms) = postSolution
		{10D83056-9315-44B2-A56B-8CC471BDC56E}.Debug|Any CPU.ActiveCfg = Debug|Any CPU
		{10D83056-9315-44B2-A56B-8CC471BDC56E}.Debug|Any CPU.Build.0 = Debug|Any CPU
		{10D83056-9315-44B2-A56B-8CC471BDC56E}.Release|Any CPU.ActiveCfg = Release|Any CPU
		{10D83056-9315-44B2-A56B-8CC471BDC56E}.Release|Any CPU.Build.0 = Release|Any CPU
	EndGlobalSection
	GlobalSection(SolutionProperties) = preSolution
		HideSolutionNode = FALSE
	EndGlobalSection
	GlobalSection(ExtensibilityGlobals) = postSolution
		SolutionGuid = {072E9F92-1C28-40F1-810A-5487BAF438E6}
	EndGlobalSection
EndGlobal
